
Microsoft Visual Studio Solution File, Format Version 12.00
# Visual Studio Version 16
VisualStudioVersion = 16.0.31402.337
MinimumVisualStudioVersion = 10.0.40219.1
Project("{9A19103F-16F7-4668-BE54-9A1E7A4F7556}") = "Store.Client", "Store.Client\Store.Client.csproj", "{5BE09EFD-F84A-40FD-82D0-975ECB866455}"
EndProject
Project("{9A19103F-16F7-4668-BE54-9A1E7A4F7556}") = "Store.Data", "Store.Data\Store.Data.csproj", "{4E063B0E-97CF-4C55-8921-BF721A4071B0}"
EndProject
Project("{FAE04EC0-301F-11D3-BF4B-00C04F79EFBC}") = "Store.Services", "Store.Services\Store.Services.csproj", "{7FD96F3F-B0F5-4A7E-846C-5993D99265D7}"
EndProject
Global
	GlobalSection(SolutionConfigurationPlatforms) = preSolution
		Debug|Any CPU = Debug|Any CPU
		Release|Any CPU = Release|Any CPU
	EndGlobalSection
	GlobalSection(ProjectConfigurationPlatforms) = postSolution
		{5BE09EFD-F84A-40FD-82D0-975ECB866455}.Debug|Any CPU.ActiveCfg = Debug|Any CPU
		{5BE09EFD-F84A-40FD-82D0-975ECB866455}.Debug|Any CPU.Build.0 = Debug|Any CPU
		{5BE09EFD-F84A-40FD-82D0-975ECB866455}.Release|Any CPU.ActiveCfg = Release|Any CPU
		{5BE09EFD-F84A-40FD-82D0-975ECB866455}.Release|Any CPU.Build.0 = Release|Any CPU
		{4E063B0E-97CF-4C55-8921-BF721A4071B0}.Debug|Any CPU.ActiveCfg = Debug|Any CPU
		{4E063B0E-97CF-4C55-8921-BF721A4071B0}.Debug|Any CPU.Build.0 = Debug|Any CPU
		{4E063B0E-97CF-4C55-8921-BF721A4071B0}.Release|Any CPU.ActiveCfg = Release|Any CPU
		{4E063B0E-97CF-4C55-8921-BF721A4071B0}.Release|Any CPU.Build.0 = Release|Any CPU
		{7FD96F3F-B0F5-4A7E-846C-5993D99265D7}.Debug|Any CPU.ActiveCfg = Debug|Any CPU
		{7FD96F3F-B0F5-4A7E-846C-5993D99265D7}.Debug|Any CPU.Build.0 = Debug|Any CPU
		{7FD96F3F-B0F5-4A7E-846C-5993D99265D7}.Release|Any CPU.ActiveCfg = Release|Any CPU
		{7FD96F3F-B0F5-4A7E-846C-5993D99265D7}.Release|Any CPU.Build.0 = Release|Any CPU
	EndGlobalSection
	GlobalSection(SolutionProperties) = preSolution
		HideSolutionNode = FALSE
	EndGlobalSection
	GlobalSection(ExtensibilityGlobals) = postSolution
		SolutionGuid = {3FDF9239-824E-4F3C-822C-94AC5D928931}
	EndGlobalSection
EndGlobal
